
Microsoft Visual Studio Solution File, Format Version 12.00
# Visual Studio Version 16
VisualStudioVersion = 16.0.29102.190
MinimumVisualStudioVersion = 10.0.40219.1
Project("{8BC9CEB8-8B4A-11D0-8D11-00A0C91BC942}") = "模板", "模板\模板.vcxproj", "{FEAA8451-7AE4-454E-B742-AA0E3BD626DA}"
EndProject
Global
	GlobalSection(SolutionConfigurationPlatforms) = preSolution
		Debug|x64 = Debug|x64
		Debug|x86 = Debug|x86
		Release|x64 = Release|x64
		Release|x86 = Release|x86
	EndGlobalSection
	GlobalSection(ProjectConfigurationPlatforms) = postSolution
		{FEAA8451-7AE4-454E-B742-AA0E3BD626DA}.Debug|x64.ActiveCfg = Debug|x64
		{FEAA8451-7AE4-454E-B742-AA0E3BD626DA}.Debug|x64.Build.0 = Debug|x64
		{FEAA8451-7AE4-454E-B742-AA0E3BD626DA}.Debug|x86.ActiveCfg = Debug|Win32
		{FEAA8451-7AE4-454E-B742-AA0E3BD626DA}.Debug|x86.Build.0 = Debug|Win32
		{FEAA8451-7AE4-454E-B742-AA0E3BD626DA}.Release|x64.ActiveCfg = Release|x64
		{FEAA8451-7AE4-454E-B742-AA0E3BD626DA}.Release|x64.Build.0 = Release|x64
		{FEAA8451-7AE4-454E-B742-AA0E3BD626DA}.Release|x86.ActiveCfg = Release|Win32
		{FEAA8451-7AE4-454E-B742-AA0E3BD626DA}.Release|x86.Build.0 = Release|Win32
	EndGlobalSection
	GlobalSection(SolutionProperties) = preSolution
		HideSolutionNode = FALSE
	EndGlobalSection
	GlobalSection(ExtensibilityGlobals) = postSolution
		SolutionGuid = {4199AE86-48F0-4FEC-95E6-6FC9E03B33C1}
	EndGlobalSection
EndGlobal
